{
  "name": "laser-mace-engine",
  "version": "1.2.5",
  "lockfileVersion": 3,
  "requires": true,
  "packages": {
    "": {
      "name": "laser-mace-engine",
      "version": "1.2.5",
      "license": "ISC",
      "dependencies": {
        "@dimforge/rapier3d-compat": "^0.18.0-beta.0",
        "ecsy": "^0.4.3",
        "three": "^0.164.1"
      },
      "devDependencies": {
        "typescript": "^5.8.3"
      }
    },
    "node_modules/@dimforge/rapier3d-compat": {
      "version": "0.18.2",
      "resolved": "https://registry.npmjs.org/@dimforge/rapier3d-compat/-/rapier3d-compat-0.18.2.tgz",
      "integrity": "sha512-DTXrOsn3ra9ZonB+VyqJc16xnRXWsHVa5FK230Z+R1PJ7q8oSRmWQ+AU6e+IJYBHxkM0a5QVDqd729DyeEhHPA==",
      "license": "Apache-2.0"
    },
    "node_modules/ecsy": {
      "version": "0.4.3",
      "resolved": "https://registry.npmjs.org/ecsy/-/ecsy-0.4.3.tgz",
      "integrity": "sha512-wJWiIIUosxS17S/a2DZGR/jD6Kwm7OKJv/cSe7NIbPLZHdmNo6O7aFVDGqVK24MA3a5+AJOWbREL+4GFYQEmGQ=="
    },
    "node_modules/three": {
      "version": "0.164.1",
      "resolved": "https://registry.npmjs.org/three/-/three-0.164.1.tgz",
      "engines": {
        "node": ">=14"
      }
    },
    "node_modules/typescript": {
      "version": "5.8.3",
      "resolved": "https://registry.npmjs.org/typescript/-/typescript-5.8.3.tgz",
      "integrity": "sha512-p1diW6TqL9L07nNxvRMM7hMMw4c5XOo/1ibL4aAIGmSAt9slTE1Xgw5KWuof2uTOvCg9BY7ZRi+GaF+7sfgPeQ==",
      "dev": true,
      "bin": {
        "tsc": "bin/tsc",
        "tsserver": "bin/tsserver"
      },
      "engines": {
        "node": ">=14.17"
      }
    }
  }
}
