{
  "name": "laser-mace-engine",
  "version": "1.0.0",
  "lockfileVersion": 3,
  "requires": true,
  "packages": {
    "": {
      "name": "laser-mace-engine",
      "version": "1.0.0",
      "license": "ISC",
      "dependencies": {
        "ecsy": "^0.4.3"
      },
      "devDependencies": {
        "typescript": "^5.8.3"
      }
    },
    "node_modules/ecsy": {
      "version": "0.4.3",
      "resolved": "https://registry.npmjs.org/ecsy/-/ecsy-0.4.3.tgz",
      "integrity": "sha512-wJWiIIUosxS17S/a2DZGR/jD6Kwm7OKJv/cSe7NIbPLZHdmNo6O7aFVDGqVK24MA3a5+AJOWbREL+4GFYQEmGQ=="
    },
    "node_modules/typescript": {
      "version": "5.8.3",
      "resolved": "https://registry.npmjs.org/typescript/-/typescript-5.8.3.tgz",
      "integrity": "sha512-p1diW6TqL9L07nNxvRMM7hMMw4c5XOo/1ibL4aAIGmSAt9slTE1Xgw5KWuof2uTOvCg9BY7ZRi+GaF+7sfgPeQ==",
      "dev": true,
      "bin": {
        "tsc": "bin/tsc",
        "tsserver": "bin/tsserver"
      },
      "engines": {
        "node": ">=14.17"
      }
    }
  }
}
